
Microsoft Visual Studio Solution File, Format Version 12.00
# Visual Studio Version 17
VisualStudioVersion = 17.13.35931.197
MinimumVisualStudioVersion = 10.0.40219.1
Project("{FAE04EC0-301F-11D3-BF4B-00C04F79EFBC}") = "ASP_CoreMiddleware", "ASP_CoreMiddleware\ASP_CoreMiddleware.csproj", "{7A091912-6C2F-42EB-AAD1-9A7DBCF47409}"
EndProject
Project("{FAE04EC0-301F-11D3-BF4B-00C04F79EFBC}") = "Routing_without_mvc", "Routing_without_mvc\Routing_without_mvc.csproj", "{8FDBA4F6-867F-4E29-827E-6EA83F30FC6B}"
EndProject
Project("{FAE04EC0-301F-11D3-BF4B-00C04F79EFBC}") = "AttributeRouting", "AttributeRouting\AttributeRouting.csproj", "{AFB25516-1256-45B0-9189-FA2ADEB3378A}"
EndProject
Project("{FAE04EC0-301F-11D3-BF4B-00C04F79EFBC}") = "RoutingMethod", "RoutingMethod\RoutingMethod.csproj", "{73F9DF3E-E9EC-45D4-B28F-9EAB3AAA7F75}"
EndProject
Project("{FAE04EC0-301F-11D3-BF4B-00C04F79EFBC}") = "Controller_Action", "Controller_Action\Controller_Action.csproj", "{65E09C57-9CDD-4C07-ACAC-2B54D7CF166B}"
EndProject
Project("{FAE04EC0-301F-11D3-BF4B-00C04F79EFBC}") = "ModelsInASP_core", "ModelsInASP_core\ModelsInASP_core.csproj", "{6D11C1D3-3713-4BE1-8F92-4D3C6F44DAE1}"
EndProject
Project("{FAE04EC0-301F-11D3-BF4B-00C04F79EFBC}") = "ModelDataUsingViewData", "ModelDataUsingViewData\ModelDataUsingViewData.csproj", "{C67D28B3-039B-4E7F-B9CE-6AEF49A267D7}"
EndProject
Project("{FAE04EC0-301F-11D3-BF4B-00C04F79EFBC}") = "StronglytypedView", "StronglytypedView\StronglytypedView.csproj", "{2FAB4D4B-B9B9-4C22-81D7-8B3367BC11EC}"
EndProject
Project("{FAE04EC0-301F-11D3-BF4B-00C04F79EFBC}") = "viewImports", "viewImports\viewImports.csproj", "{7F8AAA25-8807-482D-B7DF-403526FF5605}"
EndProject
Project("{FAE04EC0-301F-11D3-BF4B-00C04F79EFBC}") = "TagHelperdemo", "TagHelperdemo\TagHelperdemo.csproj", "{494D6630-3072-49B1-80E8-8FB8F64AAF0E}"
EndProject
Project("{FAE04EC0-301F-11D3-BF4B-00C04F79EFBC}") = "ModelBindingASP", "ModelBindingASP\ModelBindingASP.csproj", "{9621D663-D0FE-41A7-B8DF-75405C33B85D}"
EndProject
Project("{FAE04EC0-301F-11D3-BF4B-00C04F79EFBC}") = "ValidationAttributeInASPCore", "ValidationAttributeInASPCore\ValidationAttributeInASPCore.csproj", "{3E2F1BF9-E49A-48B7-8707-6608DF8E2C16}"
EndProject
Global
	GlobalSection(SolutionConfigurationPlatforms) = preSolution
		Debug|Any CPU = Debug|Any CPU
		Release|Any CPU = Release|Any CPU
	EndGlobalSection
	GlobalSection(ProjectConfigurationPlatforms) = postSolution
		{7A091912-6C2F-42EB-AAD1-9A7DBCF47409}.Debug|Any CPU.ActiveCfg = Debug|Any CPU
		{7A091912-6C2F-42EB-AAD1-9A7DBCF47409}.Debug|Any CPU.Build.0 = Debug|Any CPU
		{7A091912-6C2F-42EB-AAD1-9A7DBCF47409}.Release|Any CPU.ActiveCfg = Release|Any CPU
		{7A091912-6C2F-42EB-AAD1-9A7DBCF47409}.Release|Any CPU.Build.0 = Release|Any CPU
		{8FDBA4F6-867F-4E29-827E-6EA83F30FC6B}.Debug|Any CPU.ActiveCfg = Debug|Any CPU
		{8FDBA4F6-867F-4E29-827E-6EA83F30FC6B}.Debug|Any CPU.Build.0 = Debug|Any CPU
		{8FDBA4F6-867F-4E29-827E-6EA83F30FC6B}.Release|Any CPU.ActiveCfg = Release|Any CPU
		{8FDBA4F6-867F-4E29-827E-6EA83F30FC6B}.Release|Any CPU.Build.0 = Release|Any CPU
		{AFB25516-1256-45B0-9189-FA2ADEB3378A}.Debug|Any CPU.ActiveCfg = Debug|Any CPU
		{AFB25516-1256-45B0-9189-FA2ADEB3378A}.Debug|Any CPU.Build.0 = Debug|Any CPU
		{AFB25516-1256-45B0-9189-FA2ADEB3378A}.Release|Any CPU.ActiveCfg = Release|Any CPU
		{AFB25516-1256-45B0-9189-FA2ADEB3378A}.Release|Any CPU.Build.0 = Release|Any CPU
		{73F9DF3E-E9EC-45D4-B28F-9EAB3AAA7F75}.Debug|Any CPU.ActiveCfg = Debug|Any CPU
		{73F9DF3E-E9EC-45D4-B28F-9EAB3AAA7F75}.Debug|Any CPU.Build.0 = Debug|Any CPU
		{73F9DF3E-E9EC-45D4-B28F-9EAB3AAA7F75}.Release|Any CPU.ActiveCfg = Release|Any CPU
		{73F9DF3E-E9EC-45D4-B28F-9EAB3AAA7F75}.Release|Any CPU.Build.0 = Release|Any CPU
		{65E09C57-9CDD-4C07-ACAC-2B54D7CF166B}.Debug|Any CPU.ActiveCfg = Debug|Any CPU
		{65E09C57-9CDD-4C07-ACAC-2B54D7CF166B}.Debug|Any CPU.Build.0 = Debug|Any CPU
		{65E09C57-9CDD-4C07-ACAC-2B54D7CF166B}.Release|Any CPU.ActiveCfg = Release|Any CPU
		{65E09C57-9CDD-4C07-ACAC-2B54D7CF166B}.Release|Any CPU.Build.0 = Release|Any CPU
		{6D11C1D3-3713-4BE1-8F92-4D3C6F44DAE1}.Debug|Any CPU.ActiveCfg = Debug|Any CPU
		{6D11C1D3-3713-4BE1-8F92-4D3C6F44DAE1}.Debug|Any CPU.Build.0 = Debug|Any CPU
		{6D11C1D3-3713-4BE1-8F92-4D3C6F44DAE1}.Release|Any CPU.ActiveCfg = Release|Any CPU
		{6D11C1D3-3713-4BE1-8F92-4D3C6F44DAE1}.Release|Any CPU.Build.0 = Release|Any CPU
		{C67D28B3-039B-4E7F-B9CE-6AEF49A267D7}.Debug|Any CPU.ActiveCfg = Debug|Any CPU
		{C67D28B3-039B-4E7F-B9CE-6AEF49A267D7}.Debug|Any CPU.Build.0 = Debug|Any CPU
		{C67D28B3-039B-4E7F-B9CE-6AEF49A267D7}.Release|Any CPU.ActiveCfg = Release|Any CPU
		{C67D28B3-039B-4E7F-B9CE-6AEF49A267D7}.Release|Any CPU.Build.0 = Release|Any CPU
		{2FAB4D4B-B9B9-4C22-81D7-8B3367BC11EC}.Debug|Any CPU.ActiveCfg = Debug|Any CPU
		{2FAB4D4B-B9B9-4C22-81D7-8B3367BC11EC}.Debug|Any CPU.Build.0 = Debug|Any CPU
		{2FAB4D4B-B9B9-4C22-81D7-8B3367BC11EC}.Release|Any CPU.ActiveCfg = Release|Any CPU
		{2FAB4D4B-B9B9-4C22-81D7-8B3367BC11EC}.Release|Any CPU.Build.0 = Release|Any CPU
		{7F8AAA25-8807-482D-B7DF-403526FF5605}.Debug|Any CPU.ActiveCfg = Debug|Any CPU
		{7F8AAA25-8807-482D-B7DF-403526FF5605}.Debug|Any CPU.Build.0 = Debug|Any CPU
		{7F8AAA25-8807-482D-B7DF-403526FF5605}.Release|Any CPU.ActiveCfg = Release|Any CPU
		{7F8AAA25-8807-482D-B7DF-403526FF5605}.Release|Any CPU.Build.0 = Release|Any CPU
		{494D6630-3072-49B1-80E8-8FB8F64AAF0E}.Debug|Any CPU.ActiveCfg = Debug|Any CPU
		{494D6630-3072-49B1-80E8-8FB8F64AAF0E}.Debug|Any CPU.Build.0 = Debug|Any CPU
		{494D6630-3072-49B1-80E8-8FB8F64AAF0E}.Release|Any CPU.ActiveCfg = Release|Any CPU
		{494D6630-3072-49B1-80E8-8FB8F64AAF0E}.Release|Any CPU.Build.0 = Release|Any CPU
		{9621D663-D0FE-41A7-B8DF-75405C33B85D}.Debug|Any CPU.ActiveCfg = Debug|Any CPU
		{9621D663-D0FE-41A7-B8DF-75405C33B85D}.Debug|Any CPU.Build.0 = Debug|Any CPU
		{9621D663-D0FE-41A7-B8DF-75405C33B85D}.Release|Any CPU.ActiveCfg = Release|Any CPU
		{9621D663-D0FE-41A7-B8DF-75405C33B85D}.Release|Any CPU.Build.0 = Release|Any CPU
		{3E2F1BF9-E49A-48B7-8707-6608DF8E2C16}.Debug|Any CPU.ActiveCfg = Debug|Any CPU
		{3E2F1BF9-E49A-48B7-8707-6608DF8E2C16}.Debug|Any CPU.Build.0 = Debug|Any CPU
		{3E2F1BF9-E49A-48B7-8707-6608DF8E2C16}.Release|Any CPU.ActiveCfg = Release|Any CPU
		{3E2F1BF9-E49A-48B7-8707-6608DF8E2C16}.Release|Any CPU.Build.0 = Release|Any CPU
	EndGlobalSection
	GlobalSection(SolutionProperties) = preSolution
		HideSolutionNode = FALSE
	EndGlobalSection
	GlobalSection(ExtensibilityGlobals) = postSolution
		SolutionGuid = {8B19CC51-C532-4973-B486-0A3B91483D9E}
	EndGlobalSection
EndGlobal
